
Microsoft Visual Studio Solution File, Format Version 12.00
# Visual Studio Version 17
VisualStudioVersion = 17.7.34202.233
MinimumVisualStudioVersion = 10.0.40219.1
Project("{FAE04EC0-301F-11D3-BF4B-00C04F79EFBC}") = "ThreadingDemo1", "ThreadingDemo1\ThreadingDemo1.csproj", "{8FE46A17-4057-4F56-AB46-B56D7B17148E}"
EndProject
Global
	GlobalSection(SolutionConfigurationPlatforms) = preSolution
		Debug|Any CPU = Debug|Any CPU
		Release|Any CPU = Release|Any CPU
	EndGlobalSection
	GlobalSection(ProjectConfigurationPlatforms) = postSolution
		{8FE46A17-4057-4F56-AB46-B56D7B17148E}.Debug|Any CPU.ActiveCfg = Debug|Any CPU
		{8FE46A17-4057-4F56-AB46-B56D7B17148E}.Debug|Any CPU.Build.0 = Debug|Any CPU
		{8FE46A17-4057-4F56-AB46-B56D7B17148E}.Release|Any CPU.ActiveCfg = Release|Any CPU
		{8FE46A17-4057-4F56-AB46-B56D7B17148E}.Release|Any CPU.Build.0 = Release|Any CPU
	EndGlobalSection
	GlobalSection(SolutionProperties) = preSolution
		HideSolutionNode = FALSE
	EndGlobalSection
	GlobalSection(ExtensibilityGlobals) = postSolution
		SolutionGuid = {3230DF05-8555-420C-9DCC-877B42015746}
	EndGlobalSection
EndGlobal
