
Microsoft Visual Studio Solution File, Format Version 12.00
# Visual Studio Version 17
VisualStudioVersion = 17.7.34202.233
MinimumVisualStudioVersion = 10.0.40219.1
Project("{FAE04EC0-301F-11D3-BF4B-00C04F79EFBC}") = "InterfaceAbstractDemo", "InterfaceAbstractDemo\InterfaceAbstractDemo.csproj", "{A43E20E8-126E-4959-A928-2DAFDCD54B08}"
EndProject
Global
	GlobalSection(SolutionConfigurationPlatforms) = preSolution
		Debug|Any CPU = Debug|Any CPU
		Release|Any CPU = Release|Any CPU
	EndGlobalSection
	GlobalSection(ProjectConfigurationPlatforms) = postSolution
		{A43E20E8-126E-4959-A928-2DAFDCD54B08}.Debug|Any CPU.ActiveCfg = Debug|Any CPU
		{A43E20E8-126E-4959-A928-2DAFDCD54B08}.Debug|Any CPU.Build.0 = Debug|Any CPU
		{A43E20E8-126E-4959-A928-2DAFDCD54B08}.Release|Any CPU.ActiveCfg = Release|Any CPU
		{A43E20E8-126E-4959-A928-2DAFDCD54B08}.Release|Any CPU.Build.0 = Release|Any CPU
	EndGlobalSection
	GlobalSection(SolutionProperties) = preSolution
		HideSolutionNode = FALSE
	EndGlobalSection
	GlobalSection(ExtensibilityGlobals) = postSolution
		SolutionGuid = {151B26AE-B94F-461B-81FE-FBC7927559E3}
	EndGlobalSection
EndGlobal
