
Microsoft Visual Studio Solution File, Format Version 12.00
# Visual Studio Version 17
VisualStudioVersion = 17.7.34202.233
MinimumVisualStudioVersion = 10.0.40219.1
Project("{FAE04EC0-301F-11D3-BF4B-00C04F79EFBC}") = "ReferenceTypes", "ReferenceTypes\ReferenceTypes.csproj", "{02FDF8F3-AE1C-456E-8540-DD0EC8037EAC}"
EndProject
Global
	GlobalSection(SolutionConfigurationPlatforms) = preSolution
		Debug|Any CPU = Debug|Any CPU
		Release|Any CPU = Release|Any CPU
	EndGlobalSection
	GlobalSection(ProjectConfigurationPlatforms) = postSolution
		{02FDF8F3-AE1C-456E-8540-DD0EC8037EAC}.Debug|Any CPU.ActiveCfg = Debug|Any CPU
		{02FDF8F3-AE1C-456E-8540-DD0EC8037EAC}.Debug|Any CPU.Build.0 = Debug|Any CPU
		{02FDF8F3-AE1C-456E-8540-DD0EC8037EAC}.Release|Any CPU.ActiveCfg = Release|Any CPU
		{02FDF8F3-AE1C-456E-8540-DD0EC8037EAC}.Release|Any CPU.Build.0 = Release|Any CPU
	EndGlobalSection
	GlobalSection(SolutionProperties) = preSolution
		HideSolutionNode = FALSE
	EndGlobalSection
	GlobalSection(ExtensibilityGlobals) = postSolution
		SolutionGuid = {6D52ABEC-9EAD-4118-8861-DD982527413C}
	EndGlobalSection
EndGlobal
